# This file was autogenerated by Stack.
# You should not edit this file by hand.
# For more information, please see the documentation at:
#   https://docs.haskellstack.org/en/stable/lock_files

packages:
- completed:
    hackage: terminfo-0.4.0.2@sha256:f2ee86d6712bb872d40fdeccce4189a74ecb42e5a6eff7bf8d3bbbd6cab7b8e4,1680
    pantry-tree:
      size: 823
      sha256: 8e2d325f1347a9985f225a13ed7bd708cd74e6861a06135ad23c32ff5b2fe917
  original:
    hackage: terminfo-0.4.0.2
- completed:
    hackage: haskeline-0.7.4.2@sha256:44b098f4a445f073140c5440156533cfc5f604d97ee9ffe8b41c98d72cd97a0f,4872
    pantry-tree:
      size: 2855
      sha256: 62f732eab4c7236ef57b174f68ab4cf7a0e5c11f1e68c1ee7c947d1d00ab5609
  original:
    hackage: haskeline-0.7.4.2
snapshots:
- completed:
    size: 535256
    url: https://raw.githubusercontent.com/commercialhaskell/stackage-snapshots/master/lts/9/3.yaml
    sha256: 124a1da64177db7c1a46cb127f2ad8ba8e2c5dde0abeafe445fdacc61e723278
  original: lts-9.3
